
Microsoft Visual Studio Solution File, Format Version 11.00
# Visual Studio 2010
Project("{FAE04EC0-301F-11D3-BF4B-00C04F79EFBC}") = "Google-Maps-Integration", "Google-Maps-Integration\Google-Maps-Integration.csproj", "{95302322-2B87-4DF1-91C6-10AFB8F3C929}"
EndProject
Global
	GlobalSection(SolutionConfigurationPlatforms) = preSolution
		Debug|iPhoneSimulator = Debug|iPhoneSimulator
		Release|iPhoneSimulator = Release|iPhoneSimulator
		Debug|iPhone = Debug|iPhone
		Release|iPhone = Release|iPhone
		Ad-Hoc|iPhone = Ad-Hoc|iPhone
		AppStore|iPhone = AppStore|iPhone
	EndGlobalSection
	GlobalSection(ProjectConfigurationPlatforms) = postSolution
		{95302322-2B87-4DF1-91C6-10AFB8F3C929}.Ad-Hoc|iPhone.ActiveCfg = Ad-Hoc|iPhone
		{95302322-2B87-4DF1-91C6-10AFB8F3C929}.Ad-Hoc|iPhone.Build.0 = Ad-Hoc|iPhone
		{95302322-2B87-4DF1-91C6-10AFB8F3C929}.AppStore|iPhone.ActiveCfg = AppStore|iPhone
		{95302322-2B87-4DF1-91C6-10AFB8F3C929}.AppStore|iPhone.Build.0 = AppStore|iPhone
		{95302322-2B87-4DF1-91C6-10AFB8F3C929}.Debug|iPhone.ActiveCfg = Debug|iPhone
		{95302322-2B87-4DF1-91C6-10AFB8F3C929}.Debug|iPhone.Build.0 = Debug|iPhone
		{95302322-2B87-4DF1-91C6-10AFB8F3C929}.Debug|iPhoneSimulator.ActiveCfg = Debug|iPhoneSimulator
		{95302322-2B87-4DF1-91C6-10AFB8F3C929}.Debug|iPhoneSimulator.Build.0 = Debug|iPhoneSimulator
		{95302322-2B87-4DF1-91C6-10AFB8F3C929}.Release|iPhone.ActiveCfg = Release|iPhone
		{95302322-2B87-4DF1-91C6-10AFB8F3C929}.Release|iPhone.Build.0 = Release|iPhone
		{95302322-2B87-4DF1-91C6-10AFB8F3C929}.Release|iPhoneSimulator.ActiveCfg = Release|iPhoneSimulator
		{95302322-2B87-4DF1-91C6-10AFB8F3C929}.Release|iPhoneSimulator.Build.0 = Release|iPhoneSimulator
	EndGlobalSection
	GlobalSection(MonoDevelopProperties) = preSolution
		StartupItem = Google-Maps-Integration\Google-Maps-Integration.csproj
	EndGlobalSection
EndGlobal
